
Microsoft Visual Studio Solution File, Format Version 12.00
# Visual Studio Version 17
VisualStudioVersion = 17.14.36109.1
MinimumVisualStudioVersion = 10.0.40219.1
Project("{FAE04EC0-301F-11D3-BF4B-00C04F79EFBC}") = "RGZ_T", "RGZ_T.csproj", "{DD9EB113-FBFD-407E-AFBA-DC4A7B52A417}"
EndProject
Project("{888888A0-9F3D-457C-B088-3A5042F75D52}") = "Plotter", "..\Plotter\Plotter.pyproj", "{0DEE5BEA-739F-44D9-AD8B-2BBEA6835416}"
EndProject
Global
	GlobalSection(SolutionConfigurationPlatforms) = preSolution
		Debug|Any CPU = Debug|Any CPU
		Release|Any CPU = Release|Any CPU
	EndGlobalSection
	GlobalSection(ProjectConfigurationPlatforms) = postSolution
		{DD9EB113-FBFD-407E-AFBA-DC4A7B52A417}.Debug|Any CPU.ActiveCfg = Debug|Any CPU
		{DD9EB113-FBFD-407E-AFBA-DC4A7B52A417}.Debug|Any CPU.Build.0 = Debug|Any CPU
		{DD9EB113-FBFD-407E-AFBA-DC4A7B52A417}.Release|Any CPU.ActiveCfg = Release|Any CPU
		{DD9EB113-FBFD-407E-AFBA-DC4A7B52A417}.Release|Any CPU.Build.0 = Release|Any CPU
		{0DEE5BEA-739F-44D9-AD8B-2BBEA6835416}.Debug|Any CPU.ActiveCfg = Debug|Any CPU
		{0DEE5BEA-739F-44D9-AD8B-2BBEA6835416}.Release|Any CPU.ActiveCfg = Release|Any CPU
	EndGlobalSection
	GlobalSection(SolutionProperties) = preSolution
		HideSolutionNode = FALSE
	EndGlobalSection
	GlobalSection(ExtensibilityGlobals) = postSolution
		SolutionGuid = {58792C9E-6BE8-4180-B849-CAF4D506D8FE}
	EndGlobalSection
EndGlobal
